
Microsoft Visual Studio Solution File, Format Version 12.00
# Visual Studio Version 16
VisualStudioVersion = 16.0.32106.194
MinimumVisualStudioVersion = 10.0.40219.1
Project("{FAE04EC0-301F-11D3-BF4B-00C04F79EFBC}") = "RevitAPIPipeCount", "RevitAPIPipeCount.csproj", "{AC55E8D6-79A7-48DC-A6E1-85B547B4D269}"
EndProject
Global
	GlobalSection(SolutionConfigurationPlatforms) = preSolution
		Debug|Any CPU = Debug|Any CPU
		Release|Any CPU = Release|Any CPU
	EndGlobalSection
	GlobalSection(ProjectConfigurationPlatforms) = postSolution
		{AC55E8D6-79A7-48DC-A6E1-85B547B4D269}.Debug|Any CPU.ActiveCfg = Debug|Any CPU
		{AC55E8D6-79A7-48DC-A6E1-85B547B4D269}.Debug|Any CPU.Build.0 = Debug|Any CPU
		{AC55E8D6-79A7-48DC-A6E1-85B547B4D269}.Release|Any CPU.ActiveCfg = Release|Any CPU
		{AC55E8D6-79A7-48DC-A6E1-85B547B4D269}.Release|Any CPU.Build.0 = Release|Any CPU
	EndGlobalSection
	GlobalSection(SolutionProperties) = preSolution
		HideSolutionNode = FALSE
	EndGlobalSection
	GlobalSection(ExtensibilityGlobals) = postSolution
		SolutionGuid = {F6FE90F8-97C1-4236-844B-E6925BB0050F}
	EndGlobalSection
EndGlobal
